
Microsoft Visual Studio Solution File, Format Version 12.00
# Visual Studio Version 17
VisualStudioVersion = 17.7.34221.43
MinimumVisualStudioVersion = 10.0.40219.1
Project("{FAE04EC0-301F-11D3-BF4B-00C04F79EFBC}") = "DataStructuresandAlgosC#", "DataStructuresandAlgosC#\DataStructuresandAlgosC#.csproj", "{F541DB23-A503-4F71-8315-CBF85CE936D2}"
EndProject
Project("{FAE04EC0-301F-11D3-BF4B-00C04F79EFBC}") = "DSA-Lib", "DSA-Lib\DSA-Lib.csproj", "{12AEDEE5-B2CD-43C9-95B9-139FA0D6275E}"
EndProject
Global
	GlobalSection(SolutionConfigurationPlatforms) = preSolution
		Debug|Any CPU = Debug|Any CPU
		Release|Any CPU = Release|Any CPU
	EndGlobalSection
	GlobalSection(ProjectConfigurationPlatforms) = postSolution
		{F541DB23-A503-4F71-8315-CBF85CE936D2}.Debug|Any CPU.ActiveCfg = Debug|Any CPU
		{F541DB23-A503-4F71-8315-CBF85CE936D2}.Debug|Any CPU.Build.0 = Debug|Any CPU
		{F541DB23-A503-4F71-8315-CBF85CE936D2}.Release|Any CPU.ActiveCfg = Release|Any CPU
		{F541DB23-A503-4F71-8315-CBF85CE936D2}.Release|Any CPU.Build.0 = Release|Any CPU
		{12AEDEE5-B2CD-43C9-95B9-139FA0D6275E}.Debug|Any CPU.ActiveCfg = Debug|Any CPU
		{12AEDEE5-B2CD-43C9-95B9-139FA0D6275E}.Debug|Any CPU.Build.0 = Debug|Any CPU
		{12AEDEE5-B2CD-43C9-95B9-139FA0D6275E}.Release|Any CPU.ActiveCfg = Release|Any CPU
		{12AEDEE5-B2CD-43C9-95B9-139FA0D6275E}.Release|Any CPU.Build.0 = Release|Any CPU
	EndGlobalSection
	GlobalSection(SolutionProperties) = preSolution
		HideSolutionNode = FALSE
	EndGlobalSection
	GlobalSection(ExtensibilityGlobals) = postSolution
		SolutionGuid = {E4423488-F032-42AE-A81D-83C2FC80345A}
	EndGlobalSection
EndGlobal
